lockfileVersion: '9.0'

settings:
  autoInstallPeers: true
  excludeLinksFromLockfile: false

importers:

  .:
    dependencies:
      '@vercel/analytics':
        specifier: ^2.0.1
        version: 2.0.1
      drizzle-orm:
        specifier: ^1.0.0-rc.4
        version: 1.0.0-rc.5-ab785fc(bun-types@1.3.14)(zod@4.4.3)
      zod:
        specifier: ^4.4.3
        version: 4.4.3
    devDependencies:
      '@types/bun':
        specifier: latest
        version: 1.3.14

packages:

  '@types/bun@1.3.14':
    resolution: {integrity: sha512-h1hFqFVcvAvD9j9K7ZW7vd82aSA+rTdznZa+5bwvCwqSB1jmmfLcbIWhOLx1/+boy/xmjgCs/OMUL8hRJSmnPw==}

  '@types/node@26.2.0':
    resolution: {integrity: sha512-5IviulTZeRNp2vAJ514cc/HUlY5nZ9fCbq9DMyC52BrhFZACo3nI0R7qBxhQmo/d27NFe96ur/b7Wwxklda+kg==}

  '@vercel/analytics@2.0.1':
    resolution: {integrity: sha512-MTQG6V9qQrt1tsDeF+2Uoo5aPjqbVPys1xvnIftXSJYG2SrwXRHnqEvVoYID7BTruDz4lCd2Z7rM1BdkUehk2g==}
    peerDependencies:
      '@remix-run/react': ^2
      '@sveltejs/kit': ^1 || ^2
      next: '>= 13'
      nuxt: '>= 3'
      react: ^18 || ^19 || ^19.0.0-rc
      svelte: '>= 4'
      vue: ^3
      vue-router: ^4
    peerDependenciesMeta:
      '@remix-run/react':
        optional: true
      '@sveltejs/kit':
        optional: true
      next:
        optional: true
      nuxt:
        optional: true
      react:
        optional: true
      svelte:
        optional: true
      vue:
        optional: true
      vue-router:
        optional: true

  bun-types@1.3.14:
    resolution: {integrity: sha512-4N0ig0fEomHt5R0KCFWjovxow98rIoRwKolrYdCcknNwMekCXRnWEUvgu5soYV8QXtVsrUD8B95MBOZGPvr6KQ==}

  drizzle-orm@1.0.0-rc.5-ab785fc:
    resolution: {integrity: sha512-28PVt0PS/+4kPa8eKr4mqP8y/YcbdOgdVcGUa6LGl2Kd2bykNWuf/WUOFoSCoynagblbcRgMO1zChLvRcWD6Tg==}
    peerDependencies:
      '@aws-sdk/client-rds-data': '>=3'
      '@cloudflare/workers-types': '>=4'
      '@effect/sql-d1': '>=4.0.0-beta.105 || >=4.0.0'
      '@effect/sql-libsql': '>=4.0.0-beta.105 || >=4.0.0'
      '@effect/sql-mysql2': '>=4.0.0-beta.105 || >=4.0.0'
      '@effect/sql-pg': '>=4.0.0-beta.105 || >=4.0.0'
      '@effect/sql-pglite': '>=4.0.0-beta.105 || >=4.0.0'
      '@effect/sql-sqlite-bun': '>=4.0.0-beta.105 || >=4.0.0'
      '@effect/sql-sqlite-do': '>=4.0.0-beta.105 || >=4.0.0'
      '@effect/sql-sqlite-node': '>=4.0.0-beta.105 || >=4.0.0'
      '@effect/sql-sqlite-wasm': '>=4.0.0-beta.105 || >=4.0.0'
      '@electric-sql/pglite': '>=0.2.0'
      '@libsql/client': '>=0.10.0'
      '@libsql/client-wasm': '>=0.10.0'
      '@neondatabase/serverless': '>=0.10.0'
      '@op-engineering/op-sqlite': '>=17'
      '@opentelemetry/api': ^1.4.1
      '@planetscale/database': '>=1.13'
      '@sinclair/typebox': '>=0.34.8'
      '@sqlitecloud/drivers': '>=1.0.653'
      '@tidbcloud/serverless': '*'
      '@tursodatabase/database': '>=0.7.1'
      '@tursodatabase/database-common': '>=0.7.1'
      '@tursodatabase/database-wasm': '>=0.7.1'
      '@tursodatabase/serverless': '>=1.4.0'
      '@tursodatabase/sync': '>=0.7.1'
      '@types/better-sqlite3': '*'
      '@types/mssql': ^9.1.4
      '@types/pg': '*'
      '@types/sql.js': '*'
      '@upstash/redis': '>=1.34.7'
      '@vercel/postgres': '>=0.8.0'
      '@xata.io/client': '*'
      arktype: '>=2.0.0'
      better-sqlite3: '>=9.3.0'
      bun-types: '*'
      effect: '>=4.0.0-beta.105 || >=4.0.0'
      expo-sqlite: '>=14.0.0'
      minipg: '>=0.2.0'
      mssql: ^11.0.1
      mysql2: '>=2'
      pg: '>=8'
      postgres: '>=3'
      sql.js: '>=1'
      sqlite3: '>=5'
      typebox: '>=1.2.0'
      valibot: '>=1.0.0-beta.7'
      zod: ^3.25.0 || ^4.0.0
    peerDependenciesMeta:
      '@aws-sdk/client-rds-data':
        optional: true
      '@cloudflare/workers-types':
        optional: true
      '@effect/sql-d1':
        optional: true
      '@effect/sql-libsql':
        optional: true
      '@effect/sql-mysql2':
        optional: true
      '@effect/sql-pg':
        optional: true
      '@effect/sql-pglite':
        optional: true
      '@effect/sql-sqlite-bun':
        optional: true
      '@effect/sql-sqlite-do':
        optional: true
      '@effect/sql-sqlite-node':
        optional: true
      '@effect/sql-sqlite-wasm':
        optional: true
      '@electric-sql/pglite':
        optional: true
      '@libsql/client':
        optional: true
      '@libsql/client-wasm':
        optional: true
      '@neondatabase/serverless':
        optional: true
      '@op-engineering/op-sqlite':
        optional: true
      '@opentelemetry/api':
        optional: true
      '@planetscale/database':
        optional: true
      '@sinclair/typebox':
        optional: true
      '@sqlitecloud/drivers':
        optional: true
      '@tidbcloud/serverless':
        optional: true
      '@tursodatabase/database':
        optional: true
      '@tursodatabase/database-common':
        optional: true
      '@tursodatabase/database-wasm':
        optional: true
      '@tursodatabase/serverless':
        optional: true
      '@tursodatabase/sync':
        optional: true
      '@types/better-sqlite3':
        optional: true
      '@types/mssql':
        optional: true
      '@types/pg':
        optional: true
      '@types/sql.js':
        optional: true
      '@upstash/redis':
        optional: true
      '@vercel/postgres':
        optional: true
      '@xata.io/client':
        optional: true
      arktype:
        optional: true
      better-sqlite3:
        optional: true
      bun-types:
        optional: true
      effect:
        optional: true
      expo-sqlite:
        optional: true
      minipg:
        optional: true
      mssql:
        optional: true
      mysql2:
        optional: true
      pg:
        optional: true
      postgres:
        optional: true
      sql.js:
        optional: true
      sqlite3:
        optional: true
      typebox:
        optional: true
      valibot:
        optional: true
      zod:
        optional: true

  undici-types@8.3.0:
    resolution: {integrity: sha512-j375ScV60dom+YkPFIfTLcOiPxkN/buHz5GobjLhixFuANaNs3C9l4GmrWqejgXWJ7BbJcFYpTEUkS1Ge8bpZQ==}

  zod@4.4.3:
    resolution: {integrity: sha512-ytENFjIJFl2UwYglde2jchW2Hwm4GJFLDiSXWdTrJQBIN9Fcyp7n4DhxJEiWNAJMV1/BqWfW/kkg71UDcHJyTQ==}

snapshots:

  '@types/bun@1.3.14':
    dependencies:
      bun-types: 1.3.14

  '@types/node@26.2.0':
    dependencies:
      undici-types: 8.3.0

  '@vercel/analytics@2.0.1': {}

  bun-types@1.3.14:
    dependencies:
      '@types/node': 26.2.0

  drizzle-orm@1.0.0-rc.5-ab785fc(bun-types@1.3.14)(zod@4.4.3):
    optionalDependencies:
      bun-types: 1.3.14
      zod: 4.4.3

  undici-types@8.3.0: {}

  zod@4.4.3: {}
